
Microsoft Visual Studio Solution File, Format Version 12.00
# Visual Studio Version 17
VisualStudioVersion = 17.9.34622.214
MinimumVisualStudioVersion = 10.0.40219.1
Project("{FAE04EC0-301F-11D3-BF4B-00C04F79EFBC}") = "Laba1", "Laba1.csproj", "{DF210EBB-53EB-4C05-BA32-D68EE07C6C64}"
EndProject
Global
	GlobalSection(SolutionConfigurationPlatforms) = preSolution
		Debug|Any CPU = Debug|Any CPU
		Release|Any CPU = Release|Any CPU
	EndGlobalSection
	GlobalSection(ProjectConfigurationPlatforms) = postSolution
		{DF210EBB-53EB-4C05-BA32-D68EE07C6C64}.Debug|Any CPU.ActiveCfg = Debug|Any CPU
		{DF210EBB-53EB-4C05-BA32-D68EE07C6C64}.Debug|Any CPU.Build.0 = Debug|Any CPU
		{DF210EBB-53EB-4C05-BA32-D68EE07C6C64}.Release|Any CPU.ActiveCfg = Release|Any CPU
		{DF210EBB-53EB-4C05-BA32-D68EE07C6C64}.Release|Any CPU.Build.0 = Release|Any CPU
	EndGlobalSection
	GlobalSection(SolutionProperties) = preSolution
		HideSolutionNode = FALSE
	EndGlobalSection
	GlobalSection(ExtensibilityGlobals) = postSolution
		SolutionGuid = {DF13F4B1-9B4A-416C-8E2A-16AAD2C2DEE5}
	EndGlobalSection
EndGlobal
